
Microsoft Visual Studio Solution File, Format Version 12.00
#
Project("{F2A71F9B-5D33-465A-A702-920D77279786}") = "NLoop.Infrastructure", "NLoop.Infrastructure\NLoop.Infrastructure.fsproj", "{88200C3C-5279-4E68-9C0C-9870340511D4}"
EndProject
Project("{F2A71F9B-5D33-465A-A702-920D77279786}") = "NLoop.CLI", "NLoop.CLI\NLoop.CLI.fsproj", "{DF2599E7-E9DE-473E-84CA-4C4E29116C72}"
EndProject
Project("{F2A71F9B-5D33-465A-A702-920D77279786}") = "NLoop.Server", "NLoop.Server\NLoop.Server.fsproj", "{F99A8283-95F8-463A-B8A1-8E2BB68EE7A3}"
EndProject
Project("{2150E333-8FDC-42A3-9474-1A3956D46DE8}") = "tests", "tests", "{4CF4C444-22AD-4BBD-A6F1-38051BC11435}"
EndProject
Project("{F2A71F9B-5D33-465A-A702-920D77279786}") = "NLoop.Server.Tests", "tests\NLoop.Server.Tests\NLoop.Server.Tests.fsproj", "{345E44E3-D14F-4741-BB17-8BADD58BC303}"
EndProject
Project("{FAE04EC0-301F-11D3-BF4B-00C04F79EFBC}") = "NLoop.OpenAPIClient", "NLoop.OpenAPIClient\NLoop.OpenAPIClient.csproj", "{7125F69D-5F80-400C-B9AD-32604BEA59C6}"
EndProject
Project("{F2A71F9B-5D33-465A-A702-920D77279786}") = "NLoop.Server.PropertyTests", "tests\NLoop.Server.PropertyTests\NLoop.Server.PropertyTests.fsproj", "{D55A2743-D7AC-4052-A3B7-06AF223D8796}"
EndProject
Project("{FAE04EC0-301F-11D3-BF4B-00C04F79EFBC}") = "OpenAPIClientGenerator", "OpenAPIClientGenerator\OpenAPIClientGenerator.csproj", "{7870A2C5-F520-4A48-8A13-1739E5E40C50}"
EndProject
Global
	GlobalSection(SolutionConfigurationPlatforms) = preSolution
		Debug|Any CPU = Debug|Any CPU
		Release|Any CPU = Release|Any CPU
	EndGlobalSection
	GlobalSection(ProjectConfigurationPlatforms) = postSolution
		{88200C3C-5279-4E68-9C0C-9870340511D4}.Debug|Any CPU.ActiveCfg = Debug|Any CPU
		{88200C3C-5279-4E68-9C0C-9870340511D4}.Debug|Any CPU.Build.0 = Debug|Any CPU
		{88200C3C-5279-4E68-9C0C-9870340511D4}.Release|Any CPU.ActiveCfg = Release|Any CPU
		{88200C3C-5279-4E68-9C0C-9870340511D4}.Release|Any CPU.Build.0 = Release|Any CPU
		{DF2599E7-E9DE-473E-84CA-4C4E29116C72}.Debug|Any CPU.ActiveCfg = Debug|Any CPU
		{DF2599E7-E9DE-473E-84CA-4C4E29116C72}.Debug|Any CPU.Build.0 = Debug|Any CPU
		{DF2599E7-E9DE-473E-84CA-4C4E29116C72}.Release|Any CPU.ActiveCfg = Release|Any CPU
		{DF2599E7-E9DE-473E-84CA-4C4E29116C72}.Release|Any CPU.Build.0 = Release|Any CPU
		{F99A8283-95F8-463A-B8A1-8E2BB68EE7A3}.Debug|Any CPU.ActiveCfg = Debug|Any CPU
		{F99A8283-95F8-463A-B8A1-8E2BB68EE7A3}.Debug|Any CPU.Build.0 = Debug|Any CPU
		{F99A8283-95F8-463A-B8A1-8E2BB68EE7A3}.Release|Any CPU.ActiveCfg = Release|Any CPU
		{F99A8283-95F8-463A-B8A1-8E2BB68EE7A3}.Release|Any CPU.Build.0 = Release|Any CPU
		{345E44E3-D14F-4741-BB17-8BADD58BC303}.Debug|Any CPU.ActiveCfg = Debug|Any CPU
		{345E44E3-D14F-4741-BB17-8BADD58BC303}.Debug|Any CPU.Build.0 = Debug|Any CPU
		{345E44E3-D14F-4741-BB17-8BADD58BC303}.Release|Any CPU.ActiveCfg = Release|Any CPU
		{345E44E3-D14F-4741-BB17-8BADD58BC303}.Release|Any CPU.Build.0 = Release|Any CPU
		{7125F69D-5F80-400C-B9AD-32604BEA59C6}.Debug|Any CPU.ActiveCfg = Debug|Any CPU
		{7125F69D-5F80-400C-B9AD-32604BEA59C6}.Debug|Any CPU.Build.0 = Debug|Any CPU
		{7125F69D-5F80-400C-B9AD-32604BEA59C6}.Release|Any CPU.ActiveCfg = Release|Any CPU
		{7125F69D-5F80-400C-B9AD-32604BEA59C6}.Release|Any CPU.Build.0 = Release|Any CPU
		{D55A2743-D7AC-4052-A3B7-06AF223D8796}.Debug|Any CPU.ActiveCfg = Debug|Any CPU
		{D55A2743-D7AC-4052-A3B7-06AF223D8796}.Debug|Any CPU.Build.0 = Debug|Any CPU
		{D55A2743-D7AC-4052-A3B7-06AF223D8796}.Release|Any CPU.ActiveCfg = Release|Any CPU
		{D55A2743-D7AC-4052-A3B7-06AF223D8796}.Release|Any CPU.Build.0 = Release|Any CPU
		{7870A2C5-F520-4A48-8A13-1739E5E40C50}.Debug|Any CPU.ActiveCfg = Debug|Any CPU
		{7870A2C5-F520-4A48-8A13-1739E5E40C50}.Debug|Any CPU.Build.0 = Debug|Any CPU
		{7870A2C5-F520-4A48-8A13-1739E5E40C50}.Release|Any CPU.ActiveCfg = Release|Any CPU
		{7870A2C5-F520-4A48-8A13-1739E5E40C50}.Release|Any CPU.Build.0 = Release|Any CPU
	EndGlobalSection
	GlobalSection(NestedProjects) = preSolution
		{345E44E3-D14F-4741-BB17-8BADD58BC303} = {4CF4C444-22AD-4BBD-A6F1-38051BC11435}
		{D55A2743-D7AC-4052-A3B7-06AF223D8796} = {4CF4C444-22AD-4BBD-A6F1-38051BC11435}
	EndGlobalSection
EndGlobal
