
Microsoft Visual Studio Solution File, Format Version 12.00
#
Project("{F2A71F9B-5D33-465A-A702-920D77279786}") = "NLoop.Server", "NLoop.Server\NLoop.Server.fsproj", "{F99A8283-95F8-463A-B8A1-8E2BB68EE7A3}"
EndProject
Project("{2150E333-8FDC-42A3-9474-1A3956D46DE8}") = "tests", "tests", "{4CF4C444-22AD-4BBD-A6F1-38051BC11435}"
EndProject
Project("{F2A71F9B-5D33-465A-A702-920D77279786}") = "NLoop.Server.Tests", "tests\NLoop.Server.Tests\NLoop.Server.Tests.fsproj", "{345E44E3-D14F-4741-BB17-8BADD58BC303}"
EndProject
Project("{FAE04EC0-301F-11D3-BF4B-00C04F79EFBC}") = "NLoop.OpenAPIClient", "NLoop.OpenAPIClient\NLoop.OpenAPIClient.csproj", "{7125F69D-5F80-400C-B9AD-32604BEA59C6}"
EndProject
Project("{F2A71F9B-5D33-465A-A702-920D77279786}") = "NLoop.Server.PropertyTests", "tests\NLoop.Server.PropertyTests\NLoop.Server.PropertyTests.fsproj", "{D55A2743-D7AC-4052-A3B7-06AF223D8796}"
EndProject
Project("{F2A71F9B-5D33-465A-A702-920D77279786}") = "NLoop.Domain", "NLoop.Domain\NLoop.Domain.fsproj", "{CAAEE159-963D-4288-9670-FC2A8B8F589B}"
EndProject
Project("{F2A71F9B-5D33-465A-A702-920D77279786}") = "NLoop.Domain.Tests", "tests\NLoop.Domain.Tests\NLoop.Domain.Tests.fsproj", "{6BFC30A3-7F06-4C6F-8328-27D5944C5A37}"
EndProject
Project("{F2A71F9B-5D33-465A-A702-920D77279786}") = "NLoop.Tests.Common", "tests\NLoop.Tests.Common\NLoop.Tests.Common.fsproj", "{4246F492-D413-4C0D-A812-DEAD2E4827DF}"
EndProject
Project("{F2A71F9B-5D33-465A-A702-920D77279786}") = "NLoopLnClient", "NLoopLnClient\NLoopLnClient.fsproj", "{C7DF72D8-050F-40A9-873F-562954D166FA}"
EndProject
Project("{FAE04EC0-301F-11D3-BF4B-00C04F79EFBC}") = "LndGrpcClient", "LndGrpcClient\LndGrpcClient.csproj", "{176A8F7D-10A6-4D26-A4B2-30D41AE66F19}"
EndProject
Project("{F2A71F9B-5D33-465A-A702-920D77279786}") = "BoltzClient", "BoltzClient\BoltzClient.fsproj", "{FB6FD234-3842-4740-84FF-919599598E9B}"
EndProject
Global
	GlobalSection(SolutionConfigurationPlatforms) = preSolution
		Debug|Any CPU = Debug|Any CPU
		Release|Any CPU = Release|Any CPU
	EndGlobalSection
	GlobalSection(ProjectConfigurationPlatforms) = postSolution
		{F99A8283-95F8-463A-B8A1-8E2BB68EE7A3}.Debug|Any CPU.ActiveCfg = Debug|Any CPU
		{F99A8283-95F8-463A-B8A1-8E2BB68EE7A3}.Debug|Any CPU.Build.0 = Debug|Any CPU
		{F99A8283-95F8-463A-B8A1-8E2BB68EE7A3}.Release|Any CPU.ActiveCfg = Release|Any CPU
		{F99A8283-95F8-463A-B8A1-8E2BB68EE7A3}.Release|Any CPU.Build.0 = Release|Any CPU
		{345E44E3-D14F-4741-BB17-8BADD58BC303}.Debug|Any CPU.ActiveCfg = Debug|Any CPU
		{345E44E3-D14F-4741-BB17-8BADD58BC303}.Debug|Any CPU.Build.0 = Debug|Any CPU
		{345E44E3-D14F-4741-BB17-8BADD58BC303}.Release|Any CPU.ActiveCfg = Release|Any CPU
		{345E44E3-D14F-4741-BB17-8BADD58BC303}.Release|Any CPU.Build.0 = Release|Any CPU
		{7125F69D-5F80-400C-B9AD-32604BEA59C6}.Debug|Any CPU.ActiveCfg = Debug|Any CPU
		{7125F69D-5F80-400C-B9AD-32604BEA59C6}.Debug|Any CPU.Build.0 = Debug|Any CPU
		{7125F69D-5F80-400C-B9AD-32604BEA59C6}.Release|Any CPU.ActiveCfg = Release|Any CPU
		{7125F69D-5F80-400C-B9AD-32604BEA59C6}.Release|Any CPU.Build.0 = Release|Any CPU
		{D55A2743-D7AC-4052-A3B7-06AF223D8796}.Debug|Any CPU.ActiveCfg = Debug|Any CPU
		{D55A2743-D7AC-4052-A3B7-06AF223D8796}.Debug|Any CPU.Build.0 = Debug|Any CPU
		{D55A2743-D7AC-4052-A3B7-06AF223D8796}.Release|Any CPU.ActiveCfg = Release|Any CPU
		{D55A2743-D7AC-4052-A3B7-06AF223D8796}.Release|Any CPU.Build.0 = Release|Any CPU
		{CAAEE159-963D-4288-9670-FC2A8B8F589B}.Debug|Any CPU.ActiveCfg = Debug|Any CPU
		{CAAEE159-963D-4288-9670-FC2A8B8F589B}.Debug|Any CPU.Build.0 = Debug|Any CPU
		{CAAEE159-963D-4288-9670-FC2A8B8F589B}.Release|Any CPU.ActiveCfg = Release|Any CPU
		{CAAEE159-963D-4288-9670-FC2A8B8F589B}.Release|Any CPU.Build.0 = Release|Any CPU
		{6BFC30A3-7F06-4C6F-8328-27D5944C5A37}.Debug|Any CPU.ActiveCfg = Debug|Any CPU
		{6BFC30A3-7F06-4C6F-8328-27D5944C5A37}.Debug|Any CPU.Build.0 = Debug|Any CPU
		{6BFC30A3-7F06-4C6F-8328-27D5944C5A37}.Release|Any CPU.ActiveCfg = Release|Any CPU
		{6BFC30A3-7F06-4C6F-8328-27D5944C5A37}.Release|Any CPU.Build.0 = Release|Any CPU
		{4246F492-D413-4C0D-A812-DEAD2E4827DF}.Debug|Any CPU.ActiveCfg = Debug|Any CPU
		{4246F492-D413-4C0D-A812-DEAD2E4827DF}.Debug|Any CPU.Build.0 = Debug|Any CPU
		{4246F492-D413-4C0D-A812-DEAD2E4827DF}.Release|Any CPU.ActiveCfg = Release|Any CPU
		{4246F492-D413-4C0D-A812-DEAD2E4827DF}.Release|Any CPU.Build.0 = Release|Any CPU
		{C7DF72D8-050F-40A9-873F-562954D166FA}.Debug|Any CPU.ActiveCfg = Debug|Any CPU
		{C7DF72D8-050F-40A9-873F-562954D166FA}.Debug|Any CPU.Build.0 = Debug|Any CPU
		{C7DF72D8-050F-40A9-873F-562954D166FA}.Release|Any CPU.ActiveCfg = Release|Any CPU
		{C7DF72D8-050F-40A9-873F-562954D166FA}.Release|Any CPU.Build.0 = Release|Any CPU
		{176A8F7D-10A6-4D26-A4B2-30D41AE66F19}.Debug|Any CPU.ActiveCfg = Debug|Any CPU
		{176A8F7D-10A6-4D26-A4B2-30D41AE66F19}.Debug|Any CPU.Build.0 = Debug|Any CPU
		{176A8F7D-10A6-4D26-A4B2-30D41AE66F19}.Release|Any CPU.ActiveCfg = Release|Any CPU
		{176A8F7D-10A6-4D26-A4B2-30D41AE66F19}.Release|Any CPU.Build.0 = Release|Any CPU
		{FB6FD234-3842-4740-84FF-919599598E9B}.Debug|Any CPU.ActiveCfg = Debug|Any CPU
		{FB6FD234-3842-4740-84FF-919599598E9B}.Debug|Any CPU.Build.0 = Debug|Any CPU
		{FB6FD234-3842-4740-84FF-919599598E9B}.Release|Any CPU.ActiveCfg = Release|Any CPU
		{FB6FD234-3842-4740-84FF-919599598E9B}.Release|Any CPU.Build.0 = Release|Any CPU
	EndGlobalSection
	GlobalSection(NestedProjects) = preSolution
		{345E44E3-D14F-4741-BB17-8BADD58BC303} = {4CF4C444-22AD-4BBD-A6F1-38051BC11435}
		{D55A2743-D7AC-4052-A3B7-06AF223D8796} = {4CF4C444-22AD-4BBD-A6F1-38051BC11435}
		{6BFC30A3-7F06-4C6F-8328-27D5944C5A37} = {4CF4C444-22AD-4BBD-A6F1-38051BC11435}
		{4246F492-D413-4C0D-A812-DEAD2E4827DF} = {4CF4C444-22AD-4BBD-A6F1-38051BC11435}
	EndGlobalSection
EndGlobal
